
Microsoft Visual Studio Solution File, Format Version 12.00
# Visual Studio Version 17
VisualStudioVersion = 17.0.32112.339
MinimumVisualStudioVersion = 10.0.40219.1
Project("{9A19103F-16F7-4668-BE54-9A1E7A4F7556}") = "PacktWebApp-OpenIDConnect-DotNet", "PacktWebApp-OpenIDConnect-DotNet.csproj", "{A18BA649-B393-4D6D-9C91-2FBCDF6E4D81}"
EndProject
Global
	GlobalSection(SolutionConfigurationPlatforms) = preSolution
		Debug|Any CPU = Debug|Any CPU
		Release|Any CPU = Release|Any CPU
	EndGlobalSection
	GlobalSection(ProjectConfigurationPlatforms) = postSolution
		{A18BA649-B393-4D6D-9C91-2FBCDF6E4D81}.Debug|Any CPU.ActiveCfg = Debug|Any CPU
		{A18BA649-B393-4D6D-9C91-2FBCDF6E4D81}.Debug|Any CPU.Build.0 = Debug|Any CPU
		{A18BA649-B393-4D6D-9C91-2FBCDF6E4D81}.Release|Any CPU.ActiveCfg = Release|Any CPU
		{A18BA649-B393-4D6D-9C91-2FBCDF6E4D81}.Release|Any CPU.Build.0 = Release|Any CPU
	EndGlobalSection
	GlobalSection(SolutionProperties) = preSolution
		HideSolutionNode = FALSE
	EndGlobalSection
	GlobalSection(ExtensibilityGlobals) = postSolution
		SolutionGuid = {171DFEE2-66F9-4713-B8BA-937F1A148E5F}
	EndGlobalSection
EndGlobal
